
Microsoft Visual Studio Solution File, Format Version 12.00
# Visual Studio Version 16
VisualStudioVersion = 16.0.30104.148
MinimumVisualStudioVersion = 10.0.40219.1
Project("{9A19103F-16F7-4668-BE54-9A1E7A4F7556}") = "SeleniumAdvance", "SeleniumAdvance\SeleniumAdvance.csproj", "{D2297738-E0C1-4E89-A0C5-DD599B57A3D7}"
EndProject
Project("{FAE04EC0-301F-11D3-BF4B-00C04F79EFBC}") = "HomeworkPOM", "HomeworkPOM\HomeworkPOM.csproj", "{1A6EFE51-98B7-4F03-A811-C46FEAC0B6FC}"
EndProject
Global
	GlobalSection(SolutionConfigurationPlatforms) = preSolution
		Debug|Any CPU = Debug|Any CPU
		Release|Any CPU = Release|Any CPU
	EndGlobalSection
	GlobalSection(ProjectConfigurationPlatforms) = postSolution
		{D2297738-E0C1-4E89-A0C5-DD599B57A3D7}.Debug|Any CPU.ActiveCfg = Debug|Any CPU
		{D2297738-E0C1-4E89-A0C5-DD599B57A3D7}.Debug|Any CPU.Build.0 = Debug|Any CPU
		{D2297738-E0C1-4E89-A0C5-DD599B57A3D7}.Release|Any CPU.ActiveCfg = Release|Any CPU
		{D2297738-E0C1-4E89-A0C5-DD599B57A3D7}.Release|Any CPU.Build.0 = Release|Any CPU
		{1A6EFE51-98B7-4F03-A811-C46FEAC0B6FC}.Debug|Any CPU.ActiveCfg = Debug|Any CPU
		{1A6EFE51-98B7-4F03-A811-C46FEAC0B6FC}.Debug|Any CPU.Build.0 = Debug|Any CPU
		{1A6EFE51-98B7-4F03-A811-C46FEAC0B6FC}.Release|Any CPU.ActiveCfg = Release|Any CPU
		{1A6EFE51-98B7-4F03-A811-C46FEAC0B6FC}.Release|Any CPU.Build.0 = Release|Any CPU
	EndGlobalSection
	GlobalSection(SolutionProperties) = preSolution
		HideSolutionNode = FALSE
	EndGlobalSection
	GlobalSection(ExtensibilityGlobals) = postSolution
		SolutionGuid = {345D5700-46BB-4EBD-B4C5-93A21014E3D6}
	EndGlobalSection
EndGlobal
